
Microsoft Visual Studio Solution File, Format Version 12.00
# Visual Studio Version 16
VisualStudioVersion = 16.0.31515.178
MinimumVisualStudioVersion = 10.0.40219.1
Project("{FAE04EC0-301F-11D3-BF4B-00C04F79EFBC}") = "AvisFormation.WebUi", "AvisFormation.WebUi\AvisFormation.WebUi.csproj", "{35F6076C-CC8F-4D33-8703-2899711011E5}"
EndProject
Project("{FAE04EC0-301F-11D3-BF4B-00C04F79EFBC}") = "AvisFormation.Data", "AvisFormation.Data\AvisFormation.Data.csproj", "{95B51A77-94EA-4788-9E65-86DA020D73BF}"
EndProject
Project("{FAE04EC0-301F-11D3-BF4B-00C04F79EFBC}") = "AvisFormation.Logic", "AvisFormation.Logic\AvisFormation.Logic.csproj", "{33D41B48-82C7-49D6-8658-6A67BE5B21EC}"
EndProject
Global
	GlobalSection(SolutionConfigurationPlatforms) = preSolution
		Debug|Any CPU = Debug|Any CPU
		Release|Any CPU = Release|Any CPU
	EndGlobalSection
	GlobalSection(ProjectConfigurationPlatforms) = postSolution
		{35F6076C-CC8F-4D33-8703-2899711011E5}.Debug|Any CPU.ActiveCfg = Debug|Any CPU
		{35F6076C-CC8F-4D33-8703-2899711011E5}.Debug|Any CPU.Build.0 = Debug|Any CPU
		{35F6076C-CC8F-4D33-8703-2899711011E5}.Release|Any CPU.ActiveCfg = Release|Any CPU
		{35F6076C-CC8F-4D33-8703-2899711011E5}.Release|Any CPU.Build.0 = Release|Any CPU
		{95B51A77-94EA-4788-9E65-86DA020D73BF}.Debug|Any CPU.ActiveCfg = Debug|Any CPU
		{95B51A77-94EA-4788-9E65-86DA020D73BF}.Debug|Any CPU.Build.0 = Debug|Any CPU
		{95B51A77-94EA-4788-9E65-86DA020D73BF}.Release|Any CPU.ActiveCfg = Release|Any CPU
		{95B51A77-94EA-4788-9E65-86DA020D73BF}.Release|Any CPU.Build.0 = Release|Any CPU
		{33D41B48-82C7-49D6-8658-6A67BE5B21EC}.Debug|Any CPU.ActiveCfg = Debug|Any CPU
		{33D41B48-82C7-49D6-8658-6A67BE5B21EC}.Debug|Any CPU.Build.0 = Debug|Any CPU
		{33D41B48-82C7-49D6-8658-6A67BE5B21EC}.Release|Any CPU.ActiveCfg = Release|Any CPU
		{33D41B48-82C7-49D6-8658-6A67BE5B21EC}.Release|Any CPU.Build.0 = Release|Any CPU
	EndGlobalSection
	GlobalSection(SolutionProperties) = preSolution
		HideSolutionNode = FALSE
	EndGlobalSection
	GlobalSection(ExtensibilityGlobals) = postSolution
		SolutionGuid = {8A594249-E1D1-4EA7-B22B-16A1FD45E725}
	EndGlobalSection
EndGlobal
